{
  "requires": true,
  "lockfileVersion": 1,
  "dependencies": {
    "@simonwep/pickr": {
      "version": "1.7.2",
      "resolved": "https://registry.npmjs.org/@simonwep/pickr/-/pickr-1.7.2.tgz",
      "integrity": "sha512-XHmQKS1k1gUvB4kOj9W3DTpT5SQWDovSm3KuOtmlkHmezkF/WzyraPIk+vwroxESdugfqanJZFvgdj9lzHcEKw==",
      "requires": {
        "core-js": "^3.6.5",
        "nanopop": "^1.3.0"
      }
    },
    "core-js": {
      "version": "3.6.5",
      "resolved": "https://registry.npmjs.org/core-js/-/core-js-3.6.5.tgz",
      "integrity": "sha512-vZVEEwZoIsI+vPEuoF9Iqf5H7/M3eeQqWlQnYa8FSKKePuYTf5MWnxb5SDAzCa60b3JBRS5g9b+Dq7b1y/RCrA=="
    },
    "jquery": {
      "version": "3.5.1",
      "resolved": "https://registry.npmjs.org/jquery/-/jquery-3.5.1.tgz",
      "integrity": "sha512-XwIBPqcMn57FxfT+Go5pzySnm4KWkT1Tv7gjrpT1srtf8Weynl6R273VJ5GjkRb51IzMp5nbaPjJXMWeju2MKg=="
    },
    "nanopop": {
      "version": "1.3.0",
      "resolved": "https://registry.npmjs.org/nanopop/-/nanopop-1.3.0.tgz",
      "integrity": "sha512-DQDhHyPhKLKrXOjVkChsAoWh/WpKuVINDKl4qvFbguqokRJWQBSNSlPzMS+Xy3yBQKeQ39rICMB2asDvdUiVxw=="
    }
  }
}
